
Microsoft Visual Studio Solution File, Format Version 12.00
# Visual Studio 15
VisualStudioVersion = 15.0.28307.438
MinimumVisualStudioVersion = 10.0.40219.1
Project("{FAE04EC0-301F-11D3-BF4B-00C04F79EFBC}") = "Feature1MovingYourTokenTests", "Feature1MovingYourTokenTests\Feature1MovingYourTokenTests.csproj", "{8850C162-D0CC-4E19-AC0D-AEDB3A23C0A4}"
EndProject
Project("{FAE04EC0-301F-11D3-BF4B-00C04F79EFBC}") = "Feature1MovingYourToken", "Feature1MovingYourToken\Feature1MovingYourToken.csproj", "{DB79AECB-4A2A-4B1B-A975-63ADAC1165E0}"
EndProject
Global
	GlobalSection(SolutionConfigurationPlatforms) = preSolution
		Debug|Any CPU = Debug|Any CPU
		Release|Any CPU = Release|Any CPU
	EndGlobalSection
	GlobalSection(ProjectConfigurationPlatforms) = postSolution
		{8850C162-D0CC-4E19-AC0D-AEDB3A23C0A4}.Debug|Any CPU.ActiveCfg = Debug|Any CPU
		{8850C162-D0CC-4E19-AC0D-AEDB3A23C0A4}.Debug|Any CPU.Build.0 = Debug|Any CPU
		{8850C162-D0CC-4E19-AC0D-AEDB3A23C0A4}.Release|Any CPU.ActiveCfg = Release|Any CPU
		{8850C162-D0CC-4E19-AC0D-AEDB3A23C0A4}.Release|Any CPU.Build.0 = Release|Any CPU
		{DB79AECB-4A2A-4B1B-A975-63ADAC1165E0}.Debug|Any CPU.ActiveCfg = Debug|Any CPU
		{DB79AECB-4A2A-4B1B-A975-63ADAC1165E0}.Debug|Any CPU.Build.0 = Debug|Any CPU
		{DB79AECB-4A2A-4B1B-A975-63ADAC1165E0}.Release|Any CPU.ActiveCfg = Release|Any CPU
		{DB79AECB-4A2A-4B1B-A975-63ADAC1165E0}.Release|Any CPU.Build.0 = Release|Any CPU
	EndGlobalSection
	GlobalSection(SolutionProperties) = preSolution
		HideSolutionNode = FALSE
	EndGlobalSection
	GlobalSection(ExtensibilityGlobals) = postSolution
		SolutionGuid = {F43A6E9C-74E4-4FDB-92C6-72B095C20752}
	EndGlobalSection
EndGlobal
